
Microsoft Visual Studio Solution File, Format Version 12.00
# Visual Studio Version 17
VisualStudioVersion = 17.0.31717.71
MinimumVisualStudioVersion = 10.0.40219.1
Project("{9A19103F-16F7-4668-BE54-9A1E7A4F7556}") = "DistributedFileStorage", "DistributedFileStorage\DistributedFileStorage.csproj", "{A160F24D-3563-44CC-92F3-F6A3F569297D}"
EndProject
Project("{9A19103F-16F7-4668-BE54-9A1E7A4F7556}") = "DistributedFileStorage.Abstractions", "DistributedFileStorage.Abstractions\DistributedFileStorage.Abstractions.csproj", "{EAF57AF3-838C-4421-9549-4AE6EAFDB4AB}"
EndProject
Project("{9A19103F-16F7-4668-BE54-9A1E7A4F7556}") = "DistributedFileStorage.EntityFrameworkCore", "DistributedFileStorage.EntityFrameworkCore\DistributedFileStorage.EntityFrameworkCore.csproj", "{0D03322A-4BA8-403E-A083-FF135DE1A63E}"
EndProject
Global
	GlobalSection(SolutionConfigurationPlatforms) = preSolution
		Debug|Any CPU = Debug|Any CPU
		Release|Any CPU = Release|Any CPU
	EndGlobalSection
	GlobalSection(ProjectConfigurationPlatforms) = postSolution
		{A160F24D-3563-44CC-92F3-F6A3F569297D}.Debug|Any CPU.ActiveCfg = Debug|Any CPU
		{A160F24D-3563-44CC-92F3-F6A3F569297D}.Debug|Any CPU.Build.0 = Debug|Any CPU
		{A160F24D-3563-44CC-92F3-F6A3F569297D}.Release|Any CPU.ActiveCfg = Release|Any CPU
		{A160F24D-3563-44CC-92F3-F6A3F569297D}.Release|Any CPU.Build.0 = Release|Any CPU
		{EAF57AF3-838C-4421-9549-4AE6EAFDB4AB}.Debug|Any CPU.ActiveCfg = Debug|Any CPU
		{EAF57AF3-838C-4421-9549-4AE6EAFDB4AB}.Debug|Any CPU.Build.0 = Debug|Any CPU
		{EAF57AF3-838C-4421-9549-4AE6EAFDB4AB}.Release|Any CPU.ActiveCfg = Release|Any CPU
		{EAF57AF3-838C-4421-9549-4AE6EAFDB4AB}.Release|Any CPU.Build.0 = Release|Any CPU
		{0D03322A-4BA8-403E-A083-FF135DE1A63E}.Debug|Any CPU.ActiveCfg = Debug|Any CPU
		{0D03322A-4BA8-403E-A083-FF135DE1A63E}.Debug|Any CPU.Build.0 = Debug|Any CPU
		{0D03322A-4BA8-403E-A083-FF135DE1A63E}.Release|Any CPU.ActiveCfg = Release|Any CPU
		{0D03322A-4BA8-403E-A083-FF135DE1A63E}.Release|Any CPU.Build.0 = Release|Any CPU
	EndGlobalSection
	GlobalSection(SolutionProperties) = preSolution
		HideSolutionNode = FALSE
	EndGlobalSection
	GlobalSection(ExtensibilityGlobals) = postSolution
		SolutionGuid = {2784CCA4-DE2D-446D-A881-B0D20697732F}
	EndGlobalSection
EndGlobal
