
Microsoft Visual Studio Solution File, Format Version 12.00
# Visual Studio Version 17
VisualStudioVersion = 17.0.31717.71
MinimumVisualStudioVersion = 10.0.40219.1
Project("{9A19103F-16F7-4668-BE54-9A1E7A4F7556}") = "DistributedFileStorage", "DistributedFileStorage\DistributedFileStorage.csproj", "{A160F24D-3563-44CC-92F3-F6A3F569297D}"
EndProject
Project("{9A19103F-16F7-4668-BE54-9A1E7A4F7556}") = "DistributedFileStorage.EntityFrameworkCore", "DistributedFileStorage.EntityFrameworkCore\DistributedFileStorage.EntityFrameworkCore.csproj", "{0D03322A-4BA8-403E-A083-FF135DE1A63E}"
EndProject
Project("{2150E333-8FDC-42A3-9474-1A3956D46DE8}") = "Examples", "Examples", "{0A22B75C-D6D9-475E-AB10-661739782ADB}"
EndProject
Project("{2150E333-8FDC-42A3-9474-1A3956D46DE8}") = "Solution Items", "Solution Items", "{8AFE7CE0-1681-42FB-8462-43720250CABA}"
	ProjectSection(SolutionItems) = preProject
		.gitignore = .gitignore
		LICENSE = LICENSE
		pack.ps1 = pack.ps1
		README.md = README.md
	EndProjectSection
EndProject
Project("{2150E333-8FDC-42A3-9474-1A3956D46DE8}") = "Tests", "Tests", "{D058B05E-5008-44C6-9590-DBB239350048}"
EndProject
Project("{9A19103F-16F7-4668-BE54-9A1E7A4F7556}") = "DistributedFileStorage.MongoDB", "DistributedFileStorage.MongoDB\DistributedFileStorage.MongoDB.csproj", "{8C476F64-AA8A-4617-83A4-004D7EA63A7D}"
EndProject
Project("{9A19103F-16F7-4668-BE54-9A1E7A4F7556}") = "Example.Common", "Examples\Example.Common\Example.Common.csproj", "{406F4694-D2A2-4CF6-817F-0DFD4621BFA4}"
EndProject
Project("{9A19103F-16F7-4668-BE54-9A1E7A4F7556}") = "Example.ConsoleApp.EFCore", "Examples\Example.ConsoleApp.EFCore\Example.ConsoleApp.EFCore.csproj", "{96F10BBA-98C9-43DC-A351-E2C726B32DE2}"
EndProject
Project("{9A19103F-16F7-4668-BE54-9A1E7A4F7556}") = "Example.ConsoleApp.MongoDB", "Examples\Example.ConsoleApp.MongoDB\Example.ConsoleApp.MongoDB.csproj", "{20878D21-81A1-42B6-9CCF-010B01201004}"
EndProject
Project("{00D1A9C2-B5F0-4AF3-8072-F6C62B433612}") = "Example.Database.MsSql", "Examples\Example.Database.MsSql\Example.Database.MsSql.sqlproj", "{E27C215A-962E-426A-B452-A2014CED7866}"
EndProject
Project("{9A19103F-16F7-4668-BE54-9A1E7A4F7556}") = "Test.Common", "Tests\Test.Common\Test.Common.csproj", "{A9F6EEA7-DE41-47D1-9800-4085D3AFCC30}"
EndProject
Project("{9A19103F-16F7-4668-BE54-9A1E7A4F7556}") = "Test.MsSql", "Tests\Test.MsSql\Test.MsSql.csproj", "{150BBBB8-C6AD-4A2F-96DC-306244B61D09}"
EndProject
Project("{9A19103F-16F7-4668-BE54-9A1E7A4F7556}") = "Test.Mongo", "Tests\Test.Mongo\Test.Mongo.csproj", "{AC6C2EB8-906F-4EC6-913F-7FD996FAE717}"
EndProject
Global
	GlobalSection(SolutionConfigurationPlatforms) = preSolution
		Debug|Any CPU = Debug|Any CPU
		Release|Any CPU = Release|Any CPU
	EndGlobalSection
	GlobalSection(ProjectConfigurationPlatforms) = postSolution
		{A160F24D-3563-44CC-92F3-F6A3F569297D}.Debug|Any CPU.ActiveCfg = Debug|Any CPU
		{A160F24D-3563-44CC-92F3-F6A3F569297D}.Debug|Any CPU.Build.0 = Debug|Any CPU
		{A160F24D-3563-44CC-92F3-F6A3F569297D}.Release|Any CPU.ActiveCfg = Release|Any CPU
		{A160F24D-3563-44CC-92F3-F6A3F569297D}.Release|Any CPU.Build.0 = Release|Any CPU
		{0D03322A-4BA8-403E-A083-FF135DE1A63E}.Debug|Any CPU.ActiveCfg = Debug|Any CPU
		{0D03322A-4BA8-403E-A083-FF135DE1A63E}.Debug|Any CPU.Build.0 = Debug|Any CPU
		{0D03322A-4BA8-403E-A083-FF135DE1A63E}.Release|Any CPU.ActiveCfg = Release|Any CPU
		{0D03322A-4BA8-403E-A083-FF135DE1A63E}.Release|Any CPU.Build.0 = Release|Any CPU
		{8C476F64-AA8A-4617-83A4-004D7EA63A7D}.Debug|Any CPU.ActiveCfg = Debug|Any CPU
		{8C476F64-AA8A-4617-83A4-004D7EA63A7D}.Debug|Any CPU.Build.0 = Debug|Any CPU
		{8C476F64-AA8A-4617-83A4-004D7EA63A7D}.Release|Any CPU.ActiveCfg = Release|Any CPU
		{8C476F64-AA8A-4617-83A4-004D7EA63A7D}.Release|Any CPU.Build.0 = Release|Any CPU
		{406F4694-D2A2-4CF6-817F-0DFD4621BFA4}.Debug|Any CPU.ActiveCfg = Debug|Any CPU
		{406F4694-D2A2-4CF6-817F-0DFD4621BFA4}.Debug|Any CPU.Build.0 = Debug|Any CPU
		{406F4694-D2A2-4CF6-817F-0DFD4621BFA4}.Release|Any CPU.ActiveCfg = Release|Any CPU
		{406F4694-D2A2-4CF6-817F-0DFD4621BFA4}.Release|Any CPU.Build.0 = Release|Any CPU
		{96F10BBA-98C9-43DC-A351-E2C726B32DE2}.Debug|Any CPU.ActiveCfg = Debug|Any CPU
		{96F10BBA-98C9-43DC-A351-E2C726B32DE2}.Debug|Any CPU.Build.0 = Debug|Any CPU
		{96F10BBA-98C9-43DC-A351-E2C726B32DE2}.Release|Any CPU.ActiveCfg = Release|Any CPU
		{96F10BBA-98C9-43DC-A351-E2C726B32DE2}.Release|Any CPU.Build.0 = Release|Any CPU
		{20878D21-81A1-42B6-9CCF-010B01201004}.Debug|Any CPU.ActiveCfg = Debug|Any CPU
		{20878D21-81A1-42B6-9CCF-010B01201004}.Debug|Any CPU.Build.0 = Debug|Any CPU
		{20878D21-81A1-42B6-9CCF-010B01201004}.Release|Any CPU.ActiveCfg = Release|Any CPU
		{20878D21-81A1-42B6-9CCF-010B01201004}.Release|Any CPU.Build.0 = Release|Any CPU
		{E27C215A-962E-426A-B452-A2014CED7866}.Debug|Any CPU.ActiveCfg = Debug|Any CPU
		{E27C215A-962E-426A-B452-A2014CED7866}.Debug|Any CPU.Build.0 = Debug|Any CPU
		{E27C215A-962E-426A-B452-A2014CED7866}.Debug|Any CPU.Deploy.0 = Debug|Any CPU
		{E27C215A-962E-426A-B452-A2014CED7866}.Release|Any CPU.ActiveCfg = Release|Any CPU
		{E27C215A-962E-426A-B452-A2014CED7866}.Release|Any CPU.Build.0 = Release|Any CPU
		{E27C215A-962E-426A-B452-A2014CED7866}.Release|Any CPU.Deploy.0 = Release|Any CPU
		{A9F6EEA7-DE41-47D1-9800-4085D3AFCC30}.Debug|Any CPU.ActiveCfg = Debug|Any CPU
		{A9F6EEA7-DE41-47D1-9800-4085D3AFCC30}.Debug|Any CPU.Build.0 = Debug|Any CPU
		{A9F6EEA7-DE41-47D1-9800-4085D3AFCC30}.Release|Any CPU.ActiveCfg = Release|Any CPU
		{A9F6EEA7-DE41-47D1-9800-4085D3AFCC30}.Release|Any CPU.Build.0 = Release|Any CPU
		{150BBBB8-C6AD-4A2F-96DC-306244B61D09}.Debug|Any CPU.ActiveCfg = Debug|Any CPU
		{150BBBB8-C6AD-4A2F-96DC-306244B61D09}.Debug|Any CPU.Build.0 = Debug|Any CPU
		{150BBBB8-C6AD-4A2F-96DC-306244B61D09}.Release|Any CPU.ActiveCfg = Release|Any CPU
		{150BBBB8-C6AD-4A2F-96DC-306244B61D09}.Release|Any CPU.Build.0 = Release|Any CPU
		{AC6C2EB8-906F-4EC6-913F-7FD996FAE717}.Debug|Any CPU.ActiveCfg = Debug|Any CPU
		{AC6C2EB8-906F-4EC6-913F-7FD996FAE717}.Debug|Any CPU.Build.0 = Debug|Any CPU
		{AC6C2EB8-906F-4EC6-913F-7FD996FAE717}.Release|Any CPU.ActiveCfg = Release|Any CPU
		{AC6C2EB8-906F-4EC6-913F-7FD996FAE717}.Release|Any CPU.Build.0 = Release|Any CPU
	EndGlobalSection
	GlobalSection(SolutionProperties) = preSolution
		HideSolutionNode = FALSE
	EndGlobalSection
	GlobalSection(NestedProjects) = preSolution
		{406F4694-D2A2-4CF6-817F-0DFD4621BFA4} = {0A22B75C-D6D9-475E-AB10-661739782ADB}
		{96F10BBA-98C9-43DC-A351-E2C726B32DE2} = {0A22B75C-D6D9-475E-AB10-661739782ADB}
		{20878D21-81A1-42B6-9CCF-010B01201004} = {0A22B75C-D6D9-475E-AB10-661739782ADB}
		{E27C215A-962E-426A-B452-A2014CED7866} = {0A22B75C-D6D9-475E-AB10-661739782ADB}
		{A9F6EEA7-DE41-47D1-9800-4085D3AFCC30} = {D058B05E-5008-44C6-9590-DBB239350048}
		{150BBBB8-C6AD-4A2F-96DC-306244B61D09} = {D058B05E-5008-44C6-9590-DBB239350048}
		{AC6C2EB8-906F-4EC6-913F-7FD996FAE717} = {D058B05E-5008-44C6-9590-DBB239350048}
	EndGlobalSection
	GlobalSection(ExtensibilityGlobals) = postSolution
		SolutionGuid = {2784CCA4-DE2D-446D-A881-B0D20697732F}
	EndGlobalSection
EndGlobal
